
Microsoft Visual Studio Solution File, Format Version 12.00
# Visual Studio Version 16
VisualStudioVersion = 16.0.30320.27
MinimumVisualStudioVersion = 10.0.40219.1
Project("{FAE04EC0-301F-11D3-BF4B-00C04F79EFBC}") = "ABC_WEB", "ABC_WEB\ABC_WEB.csproj", "{E70D4246-DECF-4E79-98B5-2972609489F4}"
EndProject
Project("{FAE04EC0-301F-11D3-BF4B-00C04F79EFBC}") = "ABC_API", "ABC_API\ABC_API.csproj", "{70F61871-ECD0-4BB0-9A17-EBC3722AF1F8}"
EndProject
Global
	GlobalSection(SolutionConfigurationPlatforms) = preSolution
		Debug|Any CPU = Debug|Any CPU
		Release|Any CPU = Release|Any CPU
	EndGlobalSection
	GlobalSection(ProjectConfigurationPlatforms) = postSolution
		{E70D4246-DECF-4E79-98B5-2972609489F4}.Debug|Any CPU.ActiveCfg = Debug|Any CPU
		{E70D4246-DECF-4E79-98B5-2972609489F4}.Debug|Any CPU.Build.0 = Debug|Any CPU
		{E70D4246-DECF-4E79-98B5-2972609489F4}.Release|Any CPU.ActiveCfg = Release|Any CPU
		{E70D4246-DECF-4E79-98B5-2972609489F4}.Release|Any CPU.Build.0 = Release|Any CPU
		{70F61871-ECD0-4BB0-9A17-EBC3722AF1F8}.Debug|Any CPU.ActiveCfg = Debug|Any CPU
		{70F61871-ECD0-4BB0-9A17-EBC3722AF1F8}.Debug|Any CPU.Build.0 = Debug|Any CPU
		{70F61871-ECD0-4BB0-9A17-EBC3722AF1F8}.Release|Any CPU.ActiveCfg = Release|Any CPU
		{70F61871-ECD0-4BB0-9A17-EBC3722AF1F8}.Release|Any CPU.Build.0 = Release|Any CPU
	EndGlobalSection
	GlobalSection(SolutionProperties) = preSolution
		HideSolutionNode = FALSE
	EndGlobalSection
	GlobalSection(ExtensibilityGlobals) = postSolution
		SolutionGuid = {6B117059-34B6-418E-A46A-200680B5FD22}
	EndGlobalSection
EndGlobal
